{
  "nodes": {
    "cfg-src": {
      "flake": false,
      "locked": {
        "lastModified": 1713115729,
        "narHash": "sha256-sbPhaC7uLjUG99Euad1LpP5bRVzQ7N8CR1YbnJ5Ihhs=",
        "owner": "JonathanLorimer",
        "repo": "cfg",
        "rev": "f68e34faf78fabccc54de395ef093d525bb7d39e",
        "type": "github"
      },
      "original": {
        "owner": "JonathanLorimer",
        "repo": "cfg",
        "type": "github"
      }
    },
    "flake-utils": {
      "inputs": {
        "systems": "systems"
      },
      "locked": {
        "lastModified": 1710146030,
        "narHash": "sha256-SZ5L6eA7HJ/nmkzGG7/ISclqe6oZdOZTNoesiInkXPQ=",
        "owner": "numtide",
        "repo": "flake-utils",
        "rev": "b1d9ab70662946ef0850d488da1c9019f3a9752a",
        "type": "github"
      },
      "original": {
        "owner": "numtide",
        "repo": "flake-utils",
        "type": "github"
      }
    },
    "hasql-interpolate-src": {
      "flake": false,
      "locked": {
        "lastModified": 1721149332,
        "narHash": "sha256-yENg0EadZS4Y52Gt71IXsX82foZi9HH7fOoJqElBv8A=",
        "owner": "awkward-squad",
        "repo": "hasql-interpolate",
        "rev": "7d3a20824213f18188273e579788a7baa570daf6",
        "type": "github"
      },
      "original": {
        "owner": "awkward-squad",
        "repo": "hasql-interpolate",
        "type": "github"
      }
    },
    "hasql-src": {
      "flake": false,
      "locked": {
        "lastModified": 1721240642,
        "narHash": "sha256-n8iuOINk8NPNAnTVJ6Od3nsIkj1pEZ/9lj2TTm4TZjE=",
        "owner": "JonathanLorimer",
        "repo": "hasql",
        "rev": "a9a80bb90f81ccbe9a157276beb321b8536ad25d",
        "type": "github"
      },
      "original": {
        "owner": "JonathanLorimer",
        "ref": "expose-hasql-encoders-params",
        "repo": "hasql",
        "type": "github"
      }
    },
    "nixpkgs": {
      "locked": {
        "lastModified": 1716097317,
        "narHash": "sha256-1UMrLtgzielG/Sop6gl6oTSM4pDt7rF9j9VuxhDWDlY=",
        "owner": "NixOS",
        "repo": "nixpkgs",
        "rev": "8535fb92661f37ff9f0da3007fbc942f7d134b41",
        "type": "github"
      },
      "original": {
        "owner": "NixOS",
        "ref": "nixpkgs-unstable",
        "repo": "nixpkgs",
        "type": "github"
      }
    },
    "root": {
      "inputs": {
        "cfg-src": "cfg-src",
        "flake-utils": "flake-utils",
        "hasql-interpolate-src": "hasql-interpolate-src",
        "hasql-src": "hasql-src",
        "nixpkgs": "nixpkgs"
      }
    },
    "systems": {
      "locked": {
        "lastModified": 1681028828,
        "narHash": "sha256-Vy1rq5AaRuLzOxct8nz4T6wlgyUR7zLU309k9mBC768=",
        "owner": "nix-systems",
        "repo": "default",
        "rev": "da67096a3b9bf56a91d16901293e51ba5b49a27e",
        "type": "github"
      },
      "original": {
        "owner": "nix-systems",
        "repo": "default",
        "type": "github"
      }
    }
  },
  "root": "root",
  "version": 7
}
