{
  "nodes": {
    "flake-utils": {
      "inputs": {
        "systems": "systems"
      },
      "locked": {
        "lastModified": 1731533236,
        "narHash": "sha256-l0KFg5HjrsfsO/JpG+r7fRrqm12kzFHyUHqHCVpMMbI=",
        "owner": "numtide",
        "repo": "flake-utils",
        "rev": "11707dc2f618dd54ca8739b309ec4fc024de578b",
        "type": "github"
      },
      "original": {
        "owner": "numtide",
        "repo": "flake-utils",
        "type": "github"
      }
    },
    "hasql-interpolate-src": {
      "flake": false,
      "locked": {
        "lastModified": 1742226962,
        "narHash": "sha256-oANUeRbBoFJaJnOGFVZt5no3t46korNOQr9eFBPKTBU=",
        "owner": "awkward-squad",
        "repo": "hasql-interpolate",
        "rev": "f1d04cea75868ba3051ad158e314ebbeccfbda80",
        "type": "github"
      },
      "original": {
        "owner": "awkward-squad",
        "repo": "hasql-interpolate",
        "type": "github"
      }
    },
    "hasql-src": {
      "flake": false,
      "locked": {
        "lastModified": 1759114320,
        "narHash": "sha256-EFVWmbeByz1g2hN/n6w0A43xLDEbXeVC/0pn51UkEuQ=",
        "owner": "JonathanLorimer",
        "repo": "hasql",
        "rev": "38cca3c32fa7dc6fdf84347cf6b3a9c5cc8e20e2",
        "type": "github"
      },
      "original": {
        "owner": "JonathanLorimer",
        "ref": "expose-hasql-encoders-params",
        "repo": "hasql",
        "type": "github"
      }
    },
    "nixpkgs": {
      "locked": {
        "lastModified": 1767313136,
        "narHash": "sha256-16KkgfdYqjaeRGBaYsNrhPRRENs0qzkQVUooNHtoy2w=",
        "owner": "NixOS",
        "repo": "nixpkgs",
        "rev": "ac62194c3917d5f474c1a844b6fd6da2db95077d",
        "type": "github"
      },
      "original": {
        "owner": "NixOS",
        "ref": "nixos-25.05",
        "repo": "nixpkgs",
        "type": "github"
      }
    },
    "root": {
      "inputs": {
        "flake-utils": "flake-utils",
        "hasql-interpolate-src": "hasql-interpolate-src",
        "hasql-src": "hasql-src",
        "nixpkgs": "nixpkgs",
        "tmp-postgres-src": "tmp-postgres-src"
      }
    },
    "systems": {
      "locked": {
        "lastModified": 1681028828,
        "narHash": "sha256-Vy1rq5AaRuLzOxct8nz4T6wlgyUR7zLU309k9mBC768=",
        "owner": "nix-systems",
        "repo": "default",
        "rev": "da67096a3b9bf56a91d16901293e51ba5b49a27e",
        "type": "github"
      },
      "original": {
        "owner": "nix-systems",
        "repo": "default",
        "type": "github"
      }
    },
    "tmp-postgres-src": {
      "flake": false,
      "locked": {
        "lastModified": 1691516008,
        "narHash": "sha256-dE1OQN7I4Lxy6RBdLCvm75Z9D/Hu+9G4ejV2pEtvL1A=",
        "owner": "jfischoff",
        "repo": "tmp-postgres",
        "rev": "7f2467a6d6d5f6db7eed59919a6773fe006cf22b",
        "type": "github"
      },
      "original": {
        "owner": "jfischoff",
        "repo": "tmp-postgres",
        "type": "github"
      }
    }
  },
  "root": "root",
  "version": 7
}
