{
  "nodes": {
    "flake-utils": {
      "inputs": {
        "systems": "systems"
      },
      "locked": {
        "lastModified": 1731533236,
        "narHash": "sha256-l0KFg5HjrsfsO/JpG+r7fRrqm12kzFHyUHqHCVpMMbI=",
        "owner": "numtide",
        "repo": "flake-utils",
        "rev": "11707dc2f618dd54ca8739b309ec4fc024de578b",
        "type": "github"
      },
      "original": {
        "owner": "numtide",
        "repo": "flake-utils",
        "type": "github"
      }
    },
    "hasql-interpolate-src": {
      "flake": false,
      "locked": {
        "lastModified": 1742226962,
        "narHash": "sha256-oANUeRbBoFJaJnOGFVZt5no3t46korNOQr9eFBPKTBU=",
        "owner": "awkward-squad",
        "repo": "hasql-interpolate",
        "rev": "f1d04cea75868ba3051ad158e314ebbeccfbda80",
        "type": "github"
      },
      "original": {
        "owner": "awkward-squad",
        "repo": "hasql-interpolate",
        "type": "github"
      }
    },
    "hasql-src": {
      "flake": false,
      "locked": {
        "lastModified": 1729181625,
        "narHash": "sha256-1S3/Apisb1vGz49ljcYnfIye3J5ClzpEqPAtU00ocBc=",
        "owner": "JonathanLorimer",
        "repo": "hasql",
        "rev": "3b993b2afbdf9619d3d74b0ea3caddb87b3e00d4",
        "type": "github"
      },
      "original": {
        "owner": "JonathanLorimer",
        "ref": "expose-hasql-encoders-params",
        "repo": "hasql",
        "type": "github"
      }
    },
    "nixpkgs": {
      "locked": {
        "lastModified": 1746576598,
        "narHash": "sha256-FshoQvr6Aor5SnORVvh/ZdJ1Sa2U4ZrIMwKBX5k2wu0=",
        "owner": "NixOS",
        "repo": "nixpkgs",
        "rev": "b3582c75c7f21ce0b429898980eddbbf05c68e55",
        "type": "github"
      },
      "original": {
        "owner": "NixOS",
        "ref": "nixpkgs-unstable",
        "repo": "nixpkgs",
        "type": "github"
      }
    },
    "root": {
      "inputs": {
        "flake-utils": "flake-utils",
        "hasql-interpolate-src": "hasql-interpolate-src",
        "hasql-src": "hasql-src",
        "nixpkgs": "nixpkgs",
        "tmp-postgres-src": "tmp-postgres-src"
      }
    },
    "systems": {
      "locked": {
        "lastModified": 1681028828,
        "narHash": "sha256-Vy1rq5AaRuLzOxct8nz4T6wlgyUR7zLU309k9mBC768=",
        "owner": "nix-systems",
        "repo": "default",
        "rev": "da67096a3b9bf56a91d16901293e51ba5b49a27e",
        "type": "github"
      },
      "original": {
        "owner": "nix-systems",
        "repo": "default",
        "type": "github"
      }
    },
    "tmp-postgres-src": {
      "flake": false,
      "locked": {
        "lastModified": 1691516008,
        "narHash": "sha256-dE1OQN7I4Lxy6RBdLCvm75Z9D/Hu+9G4ejV2pEtvL1A=",
        "owner": "jfischoff",
        "repo": "tmp-postgres",
        "rev": "7f2467a6d6d5f6db7eed59919a6773fe006cf22b",
        "type": "github"
      },
      "original": {
        "owner": "jfischoff",
        "repo": "tmp-postgres",
        "type": "github"
      }
    }
  },
  "root": "root",
  "version": 7
}
